
Microsoft Visual Studio Solution File, Format Version 12.00
# Visual Studio Express 15 for Windows Desktop
VisualStudioVersion = 15.0.28307.1259
MinimumVisualStudioVersion = 10.0.40219.1
Project("{FAE04EC0-301F-11D3-BF4B-00C04F79EFBC}") = "Jittoq", "Jittoq\Jittoq.csproj", "{7B4C660C-B7A3-4642-96B9-E03924BC25A3}"
EndProject
Global
	GlobalSection(SolutionConfigurationPlatforms) = preSolution
		Debug|Any CPU = Debug|Any CPU
		Release|Any CPU = Release|Any CPU
	EndGlobalSection
	GlobalSection(ProjectConfigurationPlatforms) = postSolution
		{7B4C660C-B7A3-4642-96B9-E03924BC25A3}.Debug|Any CPU.ActiveCfg = Debug|Any CPU
		{7B4C660C-B7A3-4642-96B9-E03924BC25A3}.Debug|Any CPU.Build.0 = Debug|Any CPU
		{7B4C660C-B7A3-4642-96B9-E03924BC25A3}.Release|Any CPU.ActiveCfg = Release|Any CPU
		{7B4C660C-B7A3-4642-96B9-E03924BC25A3}.Release|Any CPU.Build.0 = Release|Any CPU
	EndGlobalSection
	GlobalSection(SolutionProperties) = preSolution
		HideSolutionNode = FALSE
	EndGlobalSection
	GlobalSection(ExtensibilityGlobals) = postSolution
		SolutionGuid = {82BF44BC-4E3B-4102-BB14-136B135D95D6}
	EndGlobalSection
EndGlobal
